
Microsoft Visual Studio Solution File, Format Version 12.00
# Visual Studio Version 17
VisualStudioVersion = 17.9.34728.123
MinimumVisualStudioVersion = 10.0.40219.1
Project("{9A19103F-16F7-4668-BE54-9A1E7A4F7556}") = "TasksManagement.Api", "src\TasksManagement.Api\TasksManagement.Api.csproj", "{3CD7BE44-F6D7-44AD-9429-A9EA34AAD5CA}"
EndProject
Project("{9A19103F-16F7-4668-BE54-9A1E7A4F7556}") = "TasksManagement.Core", "src\TasksManagement.Core\TasksManagement.Core.csproj", "{3DFBA56C-9F09-423D-A6D0-E0D7A0055485}"
EndProject
Project("{9A19103F-16F7-4668-BE54-9A1E7A4F7556}") = "TasksManagement.Application", "src\TasksManagement.Application\TasksManagement.Application.csproj", "{675108E5-A0B8-4F37-8C3D-B06F306C6D39}"
EndProject
Project("{9A19103F-16F7-4668-BE54-9A1E7A4F7556}") = "TasksManagement.Infrastructure", "src\TasksManagement.Infrastructure\TasksManagement.Infrastructure.csproj", "{A70073A2-5712-4139-BDDF-FD7245B3BCA9}"
EndProject
Project("{9A19103F-16F7-4668-BE54-9A1E7A4F7556}") = "TasksManagement.UnitTests", "tests\TasksManagement.UnitTests\TasksManagement.UnitTests.csproj", "{91B348D7-F3F3-479B-AB6C-01D9CB5A5D1C}"
EndProject
Project("{FAE04EC0-301F-11D3-BF4B-00C04F79EFBC}") = "TasksManagement.IntegrationTests", "tests\TasksManagement.IntegrationTests\TasksManagement.IntegrationTests.csproj", "{79C517E1-8F03-468A-898A-7D4502D0E694}"
EndProject
Global
	GlobalSection(SolutionConfigurationPlatforms) = preSolution
		Debug|Any CPU = Debug|Any CPU
		Release|Any CPU = Release|Any CPU
	EndGlobalSection
	GlobalSection(ProjectConfigurationPlatforms) = postSolution
		{3CD7BE44-F6D7-44AD-9429-A9EA34AAD5CA}.Debug|Any CPU.ActiveCfg = Debug|Any CPU
		{3CD7BE44-F6D7-44AD-9429-A9EA34AAD5CA}.Debug|Any CPU.Build.0 = Debug|Any CPU
		{3CD7BE44-F6D7-44AD-9429-A9EA34AAD5CA}.Release|Any CPU.ActiveCfg = Release|Any CPU
		{3CD7BE44-F6D7-44AD-9429-A9EA34AAD5CA}.Release|Any CPU.Build.0 = Release|Any CPU
		{3DFBA56C-9F09-423D-A6D0-E0D7A0055485}.Debug|Any CPU.ActiveCfg = Debug|Any CPU
		{3DFBA56C-9F09-423D-A6D0-E0D7A0055485}.Debug|Any CPU.Build.0 = Debug|Any CPU
		{3DFBA56C-9F09-423D-A6D0-E0D7A0055485}.Release|Any CPU.ActiveCfg = Release|Any CPU
		{3DFBA56C-9F09-423D-A6D0-E0D7A0055485}.Release|Any CPU.Build.0 = Release|Any CPU
		{675108E5-A0B8-4F37-8C3D-B06F306C6D39}.Debug|Any CPU.ActiveCfg = Debug|Any CPU
		{675108E5-A0B8-4F37-8C3D-B06F306C6D39}.Debug|Any CPU.Build.0 = Debug|Any CPU
		{675108E5-A0B8-4F37-8C3D-B06F306C6D39}.Release|Any CPU.ActiveCfg = Release|Any CPU
		{675108E5-A0B8-4F37-8C3D-B06F306C6D39}.Release|Any CPU.Build.0 = Release|Any CPU
		{A70073A2-5712-4139-BDDF-FD7245B3BCA9}.Debug|Any CPU.ActiveCfg = Debug|Any CPU
		{A70073A2-5712-4139-BDDF-FD7245B3BCA9}.Debug|Any CPU.Build.0 = Debug|Any CPU
		{A70073A2-5712-4139-BDDF-FD7245B3BCA9}.Release|Any CPU.ActiveCfg = Release|Any CPU
		{A70073A2-5712-4139-BDDF-FD7245B3BCA9}.Release|Any CPU.Build.0 = Release|Any CPU
		{91B348D7-F3F3-479B-AB6C-01D9CB5A5D1C}.Debug|Any CPU.ActiveCfg = Debug|Any CPU
		{91B348D7-F3F3-479B-AB6C-01D9CB5A5D1C}.Debug|Any CPU.Build.0 = Debug|Any CPU
		{91B348D7-F3F3-479B-AB6C-01D9CB5A5D1C}.Release|Any CPU.ActiveCfg = Release|Any CPU
		{91B348D7-F3F3-479B-AB6C-01D9CB5A5D1C}.Release|Any CPU.Build.0 = Release|Any CPU
		{79C517E1-8F03-468A-898A-7D4502D0E694}.Debug|Any CPU.ActiveCfg = Debug|Any CPU
		{79C517E1-8F03-468A-898A-7D4502D0E694}.Debug|Any CPU.Build.0 = Debug|Any CPU
		{79C517E1-8F03-468A-898A-7D4502D0E694}.Release|Any CPU.ActiveCfg = Release|Any CPU
		{79C517E1-8F03-468A-898A-7D4502D0E694}.Release|Any CPU.Build.0 = Release|Any CPU
	EndGlobalSection
	GlobalSection(SolutionProperties) = preSolution
		HideSolutionNode = FALSE
	EndGlobalSection
	GlobalSection(ExtensibilityGlobals) = postSolution
		SolutionGuid = {D1A11997-218D-42F5-9C18-17A093C17E6E}
	EndGlobalSection
EndGlobal
